
Microsoft Visual Studio Solution File, Format Version 12.00
# Visual Studio Version 16
VisualStudioVersion = 16.0.29609.76
MinimumVisualStudioVersion = 10.0.40219.1
Project("{9A19103F-16F7-4668-BE54-9A1E7A4F7556}") = "SimpleExam", "SimpleExam\SimpleExam.csproj", "{06507771-EEAE-459E-B4B5-43B35358EBF8}"
EndProject
Global
	GlobalSection(SolutionConfigurationPlatforms) = preSolution
		Debug|Any CPU = Debug|Any CPU
		Release|Any CPU = Release|Any CPU
	EndGlobalSection
	GlobalSection(ProjectConfigurationPlatforms) = postSolution
		{06507771-EEAE-459E-B4B5-43B35358EBF8}.Debug|Any CPU.ActiveCfg = Debug|Any CPU
		{06507771-EEAE-459E-B4B5-43B35358EBF8}.Debug|Any CPU.Build.0 = Debug|Any CPU
		{06507771-EEAE-459E-B4B5-43B35358EBF8}.Release|Any CPU.ActiveCfg = Debug|Any CPU
		{06507771-EEAE-459E-B4B5-43B35358EBF8}.Release|Any CPU.Build.0 = Debug|Any CPU
	EndGlobalSection
	GlobalSection(SolutionProperties) = preSolution
		HideSolutionNode = FALSE
	EndGlobalSection
	GlobalSection(ExtensibilityGlobals) = postSolution
		SolutionGuid = {90328A9B-DD40-4E3E-8ED2-52218A881B19}
	EndGlobalSection
EndGlobal
